
Microsoft Visual Studio Solution File, Format Version 12.00
# Visual Studio 14
VisualStudioVersion = 14.0.25420.1
MinimumVisualStudioVersion = 10.0.40219.1
Project("{FAE04EC0-301F-11D3-BF4B-00C04F79EFBC}") = "WpfApplication1", "WpfApplication1\WpfApplication1.csproj", "{58ABA264-1445-49FE-B81A-B7770BACB846}"
EndProject
Project("{FAE04EC0-301F-11D3-BF4B-00C04F79EFBC}") = "UnitTestProject1", "UnitTestProject1\UnitTestProject1.csproj", "{27432C35-251F-45D3-9371-C33489BE7D3F}"
	ProjectSection(ProjectDependencies) = postProject
		{58ABA264-1445-49FE-B81A-B7770BACB846} = {58ABA264-1445-49FE-B81A-B7770BACB846}
	EndProjectSection
EndProject
Global
	GlobalSection(SolutionConfigurationPlatforms) = preSolution
		Debug|Any CPU = Debug|Any CPU
		Release|Any CPU = Release|Any CPU
	EndGlobalSection
	GlobalSection(ProjectConfigurationPlatforms) = postSolution
		{58ABA264-1445-49FE-B81A-B7770BACB846}.Debug|Any CPU.ActiveCfg = Debug|Any CPU
		{58ABA264-1445-49FE-B81A-B7770BACB846}.Debug|Any CPU.Build.0 = Debug|Any CPU
		{58ABA264-1445-49FE-B81A-B7770BACB846}.Release|Any CPU.ActiveCfg = Release|Any CPU
		{58ABA264-1445-49FE-B81A-B7770BACB846}.Release|Any CPU.Build.0 = Release|Any CPU
		{27432C35-251F-45D3-9371-C33489BE7D3F}.Debug|Any CPU.ActiveCfg = Debug|Any CPU
		{27432C35-251F-45D3-9371-C33489BE7D3F}.Debug|Any CPU.Build.0 = Debug|Any CPU
		{27432C35-251F-45D3-9371-C33489BE7D3F}.Release|Any CPU.ActiveCfg = Release|Any CPU
		{27432C35-251F-45D3-9371-C33489BE7D3F}.Release|Any CPU.Build.0 = Release|Any CPU
	EndGlobalSection
	GlobalSection(SolutionProperties) = preSolution
		HideSolutionNode = FALSE
	EndGlobalSection
EndGlobal
